{
  "version": 4,
  "terraform_version": "1.15.1",
  "serial": 112,
  "lineage": "35c3fd1c-7c8b-a58b-f3a1-3c585fcfdb2b",
  "outputs": {},
  "resources": [
    {
      "mode": "data",
      "type": "aws_iam_policy_document",
      "name": "allow_access_from_another_account",
      "provider": "provider[\"registry.terraform.io/hashicorp/aws\"]",
      "instances": [
        {
          "schema_version": 0,
          "attributes": {
            "id": "619127060",
            "json": "{\n  \"Version\": \"2012-10-17\",\n  \"Statement\": [\n    {\n      \"Effect\": \"Allow\",\n      \"Action\": [\n        \"s3:ListBucket\",\n        \"s3:GetObject\"\n      ],\n      \"Resource\": [\n        \"arn:aws:s3:::terraform-bucket-static-web-hosting-12345/*\",\n        \"arn:aws:s3:::terraform-bucket-static-web-hosting-12345\"\n      ],\n      \"Principal\": \"*\"\n    }\n  ]\n}",
            "minified_json": "{\"Version\":\"2012-10-17\",\"Statement\":[{\"Effect\":\"Allow\",\"Action\":[\"s3:ListBucket\",\"s3:GetObject\"],\"Resource\":[\"arn:aws:s3:::terraform-bucket-static-web-hosting-12345/*\",\"arn:aws:s3:::terraform-bucket-static-web-hosting-12345\"],\"Principal\":\"*\"}]}",
            "override_json": null,
            "override_policy_documents": null,
            "policy_id": null,
            "source_json": null,
            "source_policy_documents": null,
            "statement": [
              {
                "actions": [
                  "s3:GetObject",
                  "s3:ListBucket"
                ],
                "condition": [],
                "effect": "Allow",
                "not_actions": [],
                "not_principals": [],
                "not_resources": [],
                "principals": [
                  {
                    "identifiers": [
                      "*"
                    ],
                    "type": "*"
                  }
                ],
                "resources": [
                  "arn:aws:s3:::terraform-bucket-static-web-hosting-12345",
                  "arn:aws:s3:::terraform-bucket-static-web-hosting-12345/*"
                ],
                "sid": ""
              }
            ],
            "version": "2012-10-17"
          },
          "sensitive_attributes": [],
          "identity_schema_version": 0
        }
      ]
    },
    {
      "mode": "managed",
      "type": "aws_s3_bucket",
      "name": "bucket-1",
      "provider": "provider[\"registry.terraform.io/hashicorp/aws\"]",
      "instances": [
        {
          "schema_version": 0,
          "attributes": {
            "acceleration_status": "",
            "acl": null,
            "arn": "arn:aws:s3:::terraform-bucket-static-web-hosting-12345",
            "bucket": "terraform-bucket-static-web-hosting-12345",
            "bucket_domain_name": "terraform-bucket-static-web-hosting-12345.s3.amazonaws.com",
            "bucket_namespace": "global",
            "bucket_prefix": "",
            "bucket_region": "ap-south-1",
            "bucket_regional_domain_name": "terraform-bucket-static-web-hosting-12345.s3.ap-south-1.amazonaws.com",
            "cors_rule": [],
            "force_destroy": false,
            "grant": [
              {
                "id": "67276369b2feb753f32149b4fd5efcebdb274e6e03b9fda8e5b1ca9c3d85468e",
                "permissions": [
                  "FULL_CONTROL"
                ],
                "type": "CanonicalUser",
                "uri": ""
              }
            ],
            "hosted_zone_id": "Z11RGJOFQNVJUP",
            "id": "terraform-bucket-static-web-hosting-12345",
            "lifecycle_rule": [],
            "logging": [],
            "object_lock_configuration": [],
            "object_lock_enabled": false,
            "policy": "{\"Statement\":[{\"Action\":[\"s3:ListBucket\",\"s3:GetObject\"],\"Effect\":\"Allow\",\"Principal\":\"*\",\"Resource\":[\"arn:aws:s3:::terraform-bucket-static-web-hosting-12345/*\",\"arn:aws:s3:::terraform-bucket-static-web-hosting-12345\"]}],\"Version\":\"2012-10-17\"}",
            "region": "ap-south-1",
            "replication_configuration": [],
            "request_payer": "BucketOwner",
            "server_side_encryption_configuration": [
              {
                "rule": [
                  {
                    "apply_server_side_encryption_by_default": [
                      {
                        "kms_master_key_id": "",
                        "sse_algorithm": "AES256"
                      }
                    ],
                    "bucket_key_enabled": false
                  }
                ]
              }
            ],
            "tags": {},
            "tags_all": {},
            "timeouts": null,
            "versioning": [
              {
                "enabled": false,
                "mfa_delete": false
              }
            ],
            "website": [
              {
                "error_document": "",
                "index_document": "index.html",
                "redirect_all_requests_to": "",
                "routing_rules": ""
              }
            ],
            "website_domain": "s3-website.ap-south-1.amazonaws.com",
            "website_endpoint": "terraform-bucket-static-web-hosting-12345.s3-website.ap-south-1.amazonaws.com"
          },
          "sensitive_attributes": [],
          "identity_schema_version": 0,
          "identity": {
            "account_id": "521803510859",
            "bucket": "terraform-bucket-static-web-hosting-12345",
            "region": "ap-south-1"
          },
          "private": "eyJlMmJmYjczMC1lY2FhLTExZTYtOGY4OC0zNDM2M2JjN2M0YzAiOnsiY3JlYXRlIjoxMjAwMDAwMDAwMDAwLCJkZWxldGUiOjM2MDAwMDAwMDAwMDAsInJlYWQiOjEyMDAwMDAwMDAwMDAsInVwZGF0ZSI6MTIwMDAwMDAwMDAwMH19"
        }
      ]
    },
    {
      "mode": "managed",
      "type": "aws_s3_bucket_policy",
      "name": "allow_access_from_another_account",
      "provider": "provider[\"registry.terraform.io/hashicorp/aws\"]",
      "instances": [
        {
          "schema_version": 0,
          "attributes": {
            "bucket": "terraform-bucket-static-web-hosting-12345",
            "id": "terraform-bucket-static-web-hosting-12345",
            "policy": "{\"Statement\":[{\"Action\":[\"s3:ListBucket\",\"s3:GetObject\"],\"Effect\":\"Allow\",\"Principal\":\"*\",\"Resource\":[\"arn:aws:s3:::terraform-bucket-static-web-hosting-12345/*\",\"arn:aws:s3:::terraform-bucket-static-web-hosting-12345\"]}],\"Version\":\"2012-10-17\"}",
            "region": "ap-south-1"
          },
          "sensitive_attributes": [],
          "identity_schema_version": 0,
          "identity": {
            "account_id": "521803510859",
            "bucket": "terraform-bucket-static-web-hosting-12345",
            "region": "ap-south-1"
          },
          "private": "bnVsbA==",
          "dependencies": [
            "aws_s3_bucket.bucket-1",
            "data.aws_iam_policy_document.allow_access_from_another_account"
          ]
        }
      ]
    },
    {
      "mode": "managed",
      "type": "aws_s3_bucket_public_access_block",
      "name": "public-access-block",
      "provider": "provider[\"registry.terraform.io/hashicorp/aws\"]",
      "instances": [
        {
          "schema_version": 0,
          "attributes": {
            "block_public_acls": false,
            "block_public_policy": false,
            "bucket": "terraform-bucket-static-web-hosting-12345",
            "id": "terraform-bucket-static-web-hosting-12345",
            "ignore_public_acls": false,
            "region": "ap-south-1",
            "restrict_public_buckets": false,
            "skip_destroy": null
          },
          "sensitive_attributes": [],
          "identity_schema_version": 0,
          "identity": {
            "account_id": "521803510859",
            "bucket": "terraform-bucket-static-web-hosting-12345",
            "region": "ap-south-1"
          },
          "private": "bnVsbA==",
          "dependencies": [
            "aws_s3_bucket.bucket-1"
          ]
        }
      ]
    },
    {
      "mode": "managed",
      "type": "aws_s3_bucket_website_configuration",
      "name": "website-configuration",
      "provider": "provider[\"registry.terraform.io/hashicorp/aws\"]",
      "instances": [
        {
          "schema_version": 0,
          "attributes": {
            "bucket": "terraform-bucket-static-web-hosting-12345",
            "error_document": [],
            "expected_bucket_owner": "",
            "id": "terraform-bucket-static-web-hosting-12345",
            "index_document": [
              {
                "suffix": "index.html"
              }
            ],
            "redirect_all_requests_to": [],
            "region": "ap-south-1",
            "routing_rule": [],
            "routing_rules": "",
            "website_domain": "s3-website.ap-south-1.amazonaws.com",
            "website_endpoint": "terraform-bucket-static-web-hosting-12345.s3-website.ap-south-1.amazonaws.com"
          },
          "sensitive_attributes": [],
          "identity_schema_version": 1,
          "identity": {
            "account_id": "521803510859",
            "bucket": "terraform-bucket-static-web-hosting-12345",
            "region": "ap-south-1"
          },
          "private": "bnVsbA==",
          "dependencies": [
            "aws_s3_bucket.bucket-1"
          ]
        }
      ]
    },
    {
      "mode": "managed",
      "type": "aws_s3_object",
      "name": "multiple-objects",
      "provider": "provider[\"registry.terraform.io/hashicorp/aws\"]",
      "instances": [
        {
          "index_key": "about.html",
          "schema_version": 0,
          "attributes": {
            "acl": null,
            "arn": "arn:aws:s3:::terraform-bucket-static-web-hosting-12345/about.html",
            "bucket": "terraform-bucket-static-web-hosting-12345",
            "bucket_key_enabled": false,
            "cache_control": "",
            "checksum_algorithm": null,
            "checksum_crc32": "",
            "checksum_crc32c": "",
            "checksum_crc64nvme": "",
            "checksum_sha1": "",
            "checksum_sha256": "",
            "content": null,
            "content_base64": null,
            "content_disposition": "",
            "content_encoding": "",
            "content_language": "",
            "content_type": "text/html",
            "etag": "2003af22fc2c00722e4561cf97a23a36",
            "force_destroy": false,
            "id": "terraform-bucket-static-web-hosting-12345/about.html",
            "key": "about.html",
            "kms_key_id": null,
            "metadata": {},
            "object_lock_legal_hold_status": "",
            "object_lock_mode": "",
            "object_lock_retain_until_date": "",
            "override_provider": [],
            "region": "ap-south-1",
            "server_side_encryption": "AES256",
            "source": "C:/Users/User/Downloads/2160_exhibit_studio/2160_exhibit_studio/about.html",
            "source_hash": null,
            "storage_class": "STANDARD",
            "tags": {},
            "tags_all": {},
            "version_id": "",
            "website_redirect": ""
          },
          "sensitive_attributes": [],
          "identity_schema_version": 0,
          "identity": {
            "account_id": "521803510859",
            "bucket": "terraform-bucket-static-web-hosting-12345",
            "key": "about.html",
            "region": "ap-south-1"
          },
          "private": "bnVsbA=="
        },
        {
          "index_key": "contact.html",
          "schema_version": 0,
          "attributes": {
            "acl": null,
            "arn": "arn:aws:s3:::terraform-bucket-static-web-hosting-12345/contact.html",
            "bucket": "terraform-bucket-static-web-hosting-12345",
            "bucket_key_enabled": false,
            "cache_control": "",
            "checksum_algorithm": null,
            "checksum_crc32": "",
            "checksum_crc32c": "",
            "checksum_crc64nvme": "",
            "checksum_sha1": "",
            "checksum_sha256": "",
            "content": null,
            "content_base64": null,
            "content_disposition": "",
            "content_encoding": "",
            "content_language": "",
            "content_type": "text/html",
            "etag": "7f19b91e4ebb4d70505c763c2ee92e6b",
            "force_destroy": false,
            "id": "terraform-bucket-static-web-hosting-12345/contact.html",
            "key": "contact.html",
            "kms_key_id": null,
            "metadata": {},
            "object_lock_legal_hold_status": "",
            "object_lock_mode": "",
            "object_lock_retain_until_date": "",
            "override_provider": [],
            "region": "ap-south-1",
            "server_side_encryption": "AES256",
            "source": "C:/Users/User/Downloads/2160_exhibit_studio/2160_exhibit_studio/contact.html",
            "source_hash": null,
            "storage_class": "STANDARD",
            "tags": {},
            "tags_all": {},
            "version_id": "",
            "website_redirect": ""
          },
          "sensitive_attributes": [],
          "identity_schema_version": 0,
          "identity": {
            "account_id": "521803510859",
            "bucket": "terraform-bucket-static-web-hosting-12345",
            "key": "contact.html",
            "region": "ap-south-1"
          },
          "private": "bnVsbA=="
        },
        {
          "index_key": "image-notes.txt",
          "schema_version": 0,
          "attributes": {
            "acl": null,
            "arn": "arn:aws:s3:::terraform-bucket-static-web-hosting-12345/image-notes.txt",
            "bucket": "terraform-bucket-static-web-hosting-12345",
            "bucket_key_enabled": false,
            "cache_control": "",
            "checksum_algorithm": null,
            "checksum_crc32": "",
            "checksum_crc32c": "",
            "checksum_crc64nvme": "",
            "checksum_sha1": "",
            "checksum_sha256": "",
            "content": null,
            "content_base64": null,
            "content_disposition": "",
            "content_encoding": "",
            "content_language": "",
            "content_type": "application/octet-stream",
            "etag": "0df5d19c30c00ad82e37e97434858fa0",
            "force_destroy": false,
            "id": "terraform-bucket-static-web-hosting-12345/image-notes.txt",
            "key": "image-notes.txt",
            "kms_key_id": null,
            "metadata": {},
            "object_lock_legal_hold_status": "",
            "object_lock_mode": "",
            "object_lock_retain_until_date": "",
            "override_provider": [],
            "region": "ap-south-1",
            "server_side_encryption": "AES256",
            "source": "C:/Users/User/Downloads/2160_exhibit_studio/2160_exhibit_studio/image-notes.txt",
            "source_hash": null,
            "storage_class": "STANDARD",
            "tags": {},
            "tags_all": {},
            "version_id": "",
            "website_redirect": ""
          },
          "sensitive_attributes": [],
          "identity_schema_version": 0,
          "identity": {
            "account_id": "521803510859",
            "bucket": "terraform-bucket-static-web-hosting-12345",
            "key": "image-notes.txt",
            "region": "ap-south-1"
          },
          "private": "bnVsbA=="
        },
        {
          "index_key": "images/thumb-exhibit-01.jpg",
          "schema_version": 0,
          "attributes": {
            "acl": null,
            "arn": "arn:aws:s3:::terraform-bucket-static-web-hosting-12345/images/thumb-exhibit-01.jpg",
            "bucket": "terraform-bucket-static-web-hosting-12345",
            "bucket_key_enabled": false,
            "cache_control": "",
            "checksum_algorithm": null,
            "checksum_crc32": "",
            "checksum_crc32c": "",
            "checksum_crc64nvme": "",
            "checksum_sha1": "",
            "checksum_sha256": "",
            "content": null,
            "content_base64": null,
            "content_disposition": "",
            "content_encoding": "",
            "content_language": "",
            "content_type": "image/jpeg",
            "etag": "eb3b5614fcfffed3a0c01b7f62c6a954",
            "force_destroy": false,
            "id": "terraform-bucket-static-web-hosting-12345/images/thumb-exhibit-01.jpg",
            "key": "images/thumb-exhibit-01.jpg",
            "kms_key_id": null,
            "metadata": {},
            "object_lock_legal_hold_status": "",
            "object_lock_mode": "",
            "object_lock_retain_until_date": "",
            "override_provider": [],
            "region": "ap-south-1",
            "server_side_encryption": "AES256",
            "source": "C:/Users/User/Downloads/2160_exhibit_studio/2160_exhibit_studio/images/thumb-exhibit-01.jpg",
            "source_hash": null,
            "storage_class": "STANDARD",
            "tags": {},
            "tags_all": {},
            "version_id": "",
            "website_redirect": ""
          },
          "sensitive_attributes": [],
          "identity_schema_version": 0,
          "identity": {
            "account_id": "521803510859",
            "bucket": "terraform-bucket-static-web-hosting-12345",
            "key": "images/thumb-exhibit-01.jpg",
            "region": "ap-south-1"
          },
          "private": "bnVsbA=="
        },
        {
          "index_key": "images/thumb-exhibit-02.jpg",
          "schema_version": 0,
          "attributes": {
            "acl": null,
            "arn": "arn:aws:s3:::terraform-bucket-static-web-hosting-12345/images/thumb-exhibit-02.jpg",
            "bucket": "terraform-bucket-static-web-hosting-12345",
            "bucket_key_enabled": false,
            "cache_control": "",
            "checksum_algorithm": null,
            "checksum_crc32": "",
            "checksum_crc32c": "",
            "checksum_crc64nvme": "",
            "checksum_sha1": "",
            "checksum_sha256": "",
            "content": null,
            "content_base64": null,
            "content_disposition": "",
            "content_encoding": "",
            "content_language": "",
            "content_type": "image/jpeg",
            "etag": "a2c0b7515c983c985fb768ca2b198c11",
            "force_destroy": false,
            "id": "terraform-bucket-static-web-hosting-12345/images/thumb-exhibit-02.jpg",
            "key": "images/thumb-exhibit-02.jpg",
            "kms_key_id": null,
            "metadata": {},
            "object_lock_legal_hold_status": "",
            "object_lock_mode": "",
            "object_lock_retain_until_date": "",
            "override_provider": [],
            "region": "ap-south-1",
            "server_side_encryption": "AES256",
            "source": "C:/Users/User/Downloads/2160_exhibit_studio/2160_exhibit_studio/images/thumb-exhibit-02.jpg",
            "source_hash": null,
            "storage_class": "STANDARD",
            "tags": {},
            "tags_all": {},
            "version_id": "",
            "website_redirect": ""
          },
          "sensitive_attributes": [],
          "identity_schema_version": 0,
          "identity": {
            "account_id": "521803510859",
            "bucket": "terraform-bucket-static-web-hosting-12345",
            "key": "images/thumb-exhibit-02.jpg",
            "region": "ap-south-1"
          },
          "private": "bnVsbA=="
        },
        {
          "index_key": "images/thumb-exhibit-03.jpg",
          "schema_version": 0,
          "attributes": {
            "acl": null,
            "arn": "arn:aws:s3:::terraform-bucket-static-web-hosting-12345/images/thumb-exhibit-03.jpg",
            "bucket": "terraform-bucket-static-web-hosting-12345",
            "bucket_key_enabled": false,
            "cache_control": "",
            "checksum_algorithm": null,
            "checksum_crc32": "",
            "checksum_crc32c": "",
            "checksum_crc64nvme": "",
            "checksum_sha1": "",
            "checksum_sha256": "",
            "content": null,
            "content_base64": null,
            "content_disposition": "",
            "content_encoding": "",
            "content_language": "",
            "content_type": "image/jpeg",
            "etag": "fc490aa7af0515e88f772679a8fb485d",
            "force_destroy": false,
            "id": "terraform-bucket-static-web-hosting-12345/images/thumb-exhibit-03.jpg",
            "key": "images/thumb-exhibit-03.jpg",
            "kms_key_id": null,
            "metadata": {},
            "object_lock_legal_hold_status": "",
            "object_lock_mode": "",
            "object_lock_retain_until_date": "",
            "override_provider": [],
            "region": "ap-south-1",
            "server_side_encryption": "AES256",
            "source": "C:/Users/User/Downloads/2160_exhibit_studio/2160_exhibit_studio/images/thumb-exhibit-03.jpg",
            "source_hash": null,
            "storage_class": "STANDARD",
            "tags": {},
            "tags_all": {},
            "version_id": "",
            "website_redirect": ""
          },
          "sensitive_attributes": [],
          "identity_schema_version": 0,
          "identity": {
            "account_id": "521803510859",
            "bucket": "terraform-bucket-static-web-hosting-12345",
            "key": "images/thumb-exhibit-03.jpg",
            "region": "ap-south-1"
          },
          "private": "bnVsbA=="
        },
        {
          "index_key": "images/thumb-exhibit-04.jpg",
          "schema_version": 0,
          "attributes": {
            "acl": null,
            "arn": "arn:aws:s3:::terraform-bucket-static-web-hosting-12345/images/thumb-exhibit-04.jpg",
            "bucket": "terraform-bucket-static-web-hosting-12345",
            "bucket_key_enabled": false,
            "cache_control": "",
            "checksum_algorithm": null,
            "checksum_crc32": "",
            "checksum_crc32c": "",
            "checksum_crc64nvme": "",
            "checksum_sha1": "",
            "checksum_sha256": "",
            "content": null,
            "content_base64": null,
            "content_disposition": "",
            "content_encoding": "",
            "content_language": "",
            "content_type": "image/jpeg",
            "etag": "5ce62ee8b6aaaadf4a0eba857b28c5b9",
            "force_destroy": false,
            "id": "terraform-bucket-static-web-hosting-12345/images/thumb-exhibit-04.jpg",
            "key": "images/thumb-exhibit-04.jpg",
            "kms_key_id": null,
            "metadata": {},
            "object_lock_legal_hold_status": "",
            "object_lock_mode": "",
            "object_lock_retain_until_date": "",
            "override_provider": [],
            "region": "ap-south-1",
            "server_side_encryption": "AES256",
            "source": "C:/Users/User/Downloads/2160_exhibit_studio/2160_exhibit_studio/images/thumb-exhibit-04.jpg",
            "source_hash": null,
            "storage_class": "STANDARD",
            "tags": {},
            "tags_all": {},
            "version_id": "",
            "website_redirect": ""
          },
          "sensitive_attributes": [],
          "identity_schema_version": 0,
          "identity": {
            "account_id": "521803510859",
            "bucket": "terraform-bucket-static-web-hosting-12345",
            "key": "images/thumb-exhibit-04.jpg",
            "region": "ap-south-1"
          },
          "private": "bnVsbA=="
        },
        {
          "index_key": "images/thumb-exhibit-05.jpg",
          "schema_version": 0,
          "attributes": {
            "acl": null,
            "arn": "arn:aws:s3:::terraform-bucket-static-web-hosting-12345/images/thumb-exhibit-05.jpg",
            "bucket": "terraform-bucket-static-web-hosting-12345",
            "bucket_key_enabled": false,
            "cache_control": "",
            "checksum_algorithm": null,
            "checksum_crc32": "",
            "checksum_crc32c": "",
            "checksum_crc64nvme": "",
            "checksum_sha1": "",
            "checksum_sha256": "",
            "content": null,
            "content_base64": null,
            "content_disposition": "",
            "content_encoding": "",
            "content_language": "",
            "content_type": "image/jpeg",
            "etag": "58730e189fadcd863211782a85b1ee73",
            "force_destroy": false,
            "id": "terraform-bucket-static-web-hosting-12345/images/thumb-exhibit-05.jpg",
            "key": "images/thumb-exhibit-05.jpg",
            "kms_key_id": null,
            "metadata": {},
            "object_lock_legal_hold_status": "",
            "object_lock_mode": "",
            "object_lock_retain_until_date": "",
            "override_provider": [],
            "region": "ap-south-1",
            "server_side_encryption": "AES256",
            "source": "C:/Users/User/Downloads/2160_exhibit_studio/2160_exhibit_studio/images/thumb-exhibit-05.jpg",
            "source_hash": null,
            "storage_class": "STANDARD",
            "tags": {},
            "tags_all": {},
            "version_id": "",
            "website_redirect": ""
          },
          "sensitive_attributes": [],
          "identity_schema_version": 0,
          "identity": {
            "account_id": "521803510859",
            "bucket": "terraform-bucket-static-web-hosting-12345",
            "key": "images/thumb-exhibit-05.jpg",
            "region": "ap-south-1"
          },
          "private": "bnVsbA=="
        },
        {
          "index_key": "images/thumb-exhibit-06.jpg",
          "schema_version": 0,
          "attributes": {
            "acl": null,
            "arn": "arn:aws:s3:::terraform-bucket-static-web-hosting-12345/images/thumb-exhibit-06.jpg",
            "bucket": "terraform-bucket-static-web-hosting-12345",
            "bucket_key_enabled": false,
            "cache_control": "",
            "checksum_algorithm": null,
            "checksum_crc32": "",
            "checksum_crc32c": "",
            "checksum_crc64nvme": "",
            "checksum_sha1": "",
            "checksum_sha256": "",
            "content": null,
            "content_base64": null,
            "content_disposition": "",
            "content_encoding": "",
            "content_language": "",
            "content_type": "image/jpeg",
            "etag": "2755673deaa19193a62e02d504092a13",
            "force_destroy": false,
            "id": "terraform-bucket-static-web-hosting-12345/images/thumb-exhibit-06.jpg",
            "key": "images/thumb-exhibit-06.jpg",
            "kms_key_id": null,
            "metadata": {},
            "object_lock_legal_hold_status": "",
            "object_lock_mode": "",
            "object_lock_retain_until_date": "",
            "override_provider": [],
            "region": "ap-south-1",
            "server_side_encryption": "AES256",
            "source": "C:/Users/User/Downloads/2160_exhibit_studio/2160_exhibit_studio/images/thumb-exhibit-06.jpg",
            "source_hash": null,
            "storage_class": "STANDARD",
            "tags": {},
            "tags_all": {},
            "version_id": "",
            "website_redirect": ""
          },
          "sensitive_attributes": [],
          "identity_schema_version": 0,
          "identity": {
            "account_id": "521803510859",
            "bucket": "terraform-bucket-static-web-hosting-12345",
            "key": "images/thumb-exhibit-06.jpg",
            "region": "ap-south-1"
          },
          "private": "bnVsbA=="
        },
        {
          "index_key": "images/thumb-exhibit-07.jpg",
          "schema_version": 0,
          "attributes": {
            "acl": null,
            "arn": "arn:aws:s3:::terraform-bucket-static-web-hosting-12345/images/thumb-exhibit-07.jpg",
            "bucket": "terraform-bucket-static-web-hosting-12345",
            "bucket_key_enabled": false,
            "cache_control": "",
            "checksum_algorithm": null,
            "checksum_crc32": "",
            "checksum_crc32c": "",
            "checksum_crc64nvme": "",
            "checksum_sha1": "",
            "checksum_sha256": "",
            "content": null,
            "content_base64": null,
            "content_disposition": "",
            "content_encoding": "",
            "content_language": "",
            "content_type": "image/jpeg",
            "etag": "cee1c99c4736103cc999cb02af3c5690",
            "force_destroy": false,
            "id": "terraform-bucket-static-web-hosting-12345/images/thumb-exhibit-07.jpg",
            "key": "images/thumb-exhibit-07.jpg",
            "kms_key_id": null,
            "metadata": {},
            "object_lock_legal_hold_status": "",
            "object_lock_mode": "",
            "object_lock_retain_until_date": "",
            "override_provider": [],
            "region": "ap-south-1",
            "server_side_encryption": "AES256",
            "source": "C:/Users/User/Downloads/2160_exhibit_studio/2160_exhibit_studio/images/thumb-exhibit-07.jpg",
            "source_hash": null,
            "storage_class": "STANDARD",
            "tags": {},
            "tags_all": {},
            "version_id": "",
            "website_redirect": ""
          },
          "sensitive_attributes": [],
          "identity_schema_version": 0,
          "identity": {
            "account_id": "521803510859",
            "bucket": "terraform-bucket-static-web-hosting-12345",
            "key": "images/thumb-exhibit-07.jpg",
            "region": "ap-south-1"
          },
          "private": "bnVsbA=="
        },
        {
          "index_key": "images/thumb-exhibit-08.jpg",
          "schema_version": 0,
          "attributes": {
            "acl": null,
            "arn": "arn:aws:s3:::terraform-bucket-static-web-hosting-12345/images/thumb-exhibit-08.jpg",
            "bucket": "terraform-bucket-static-web-hosting-12345",
            "bucket_key_enabled": false,
            "cache_control": "",
            "checksum_algorithm": null,
            "checksum_crc32": "",
            "checksum_crc32c": "",
            "checksum_crc64nvme": "",
            "checksum_sha1": "",
            "checksum_sha256": "",
            "content": null,
            "content_base64": null,
            "content_disposition": "",
            "content_encoding": "",
            "content_language": "",
            "content_type": "image/jpeg",
            "etag": "1b74d7c54d9d679b36dcba73f0114e4b",
            "force_destroy": false,
            "id": "terraform-bucket-static-web-hosting-12345/images/thumb-exhibit-08.jpg",
            "key": "images/thumb-exhibit-08.jpg",
            "kms_key_id": null,
            "metadata": {},
            "object_lock_legal_hold_status": "",
            "object_lock_mode": "",
            "object_lock_retain_until_date": "",
            "override_provider": [],
            "region": "ap-south-1",
            "server_side_encryption": "AES256",
            "source": "C:/Users/User/Downloads/2160_exhibit_studio/2160_exhibit_studio/images/thumb-exhibit-08.jpg",
            "source_hash": null,
            "storage_class": "STANDARD",
            "tags": {},
            "tags_all": {},
            "version_id": "",
            "website_redirect": ""
          },
          "sensitive_attributes": [],
          "identity_schema_version": 0,
          "identity": {
            "account_id": "521803510859",
            "bucket": "terraform-bucket-static-web-hosting-12345",
            "key": "images/thumb-exhibit-08.jpg",
            "region": "ap-south-1"
          },
          "private": "bnVsbA=="
        },
        {
          "index_key": "images/thumb-exhibit-09.jpg",
          "schema_version": 0,
          "attributes": {
            "acl": null,
            "arn": "arn:aws:s3:::terraform-bucket-static-web-hosting-12345/images/thumb-exhibit-09.jpg",
            "bucket": "terraform-bucket-static-web-hosting-12345",
            "bucket_key_enabled": false,
            "cache_control": "",
            "checksum_algorithm": null,
            "checksum_crc32": "",
            "checksum_crc32c": "",
            "checksum_crc64nvme": "",
            "checksum_sha1": "",
            "checksum_sha256": "",
            "content": null,
            "content_base64": null,
            "content_disposition": "",
            "content_encoding": "",
            "content_language": "",
            "content_type": "image/jpeg",
            "etag": "782df84eb08354fe37d4c242d1ab0a4c",
            "force_destroy": false,
            "id": "terraform-bucket-static-web-hosting-12345/images/thumb-exhibit-09.jpg",
            "key": "images/thumb-exhibit-09.jpg",
            "kms_key_id": null,
            "metadata": {},
            "object_lock_legal_hold_status": "",
            "object_lock_mode": "",
            "object_lock_retain_until_date": "",
            "override_provider": [],
            "region": "ap-south-1",
            "server_side_encryption": "AES256",
            "source": "C:/Users/User/Downloads/2160_exhibit_studio/2160_exhibit_studio/images/thumb-exhibit-09.jpg",
            "source_hash": null,
            "storage_class": "STANDARD",
            "tags": {},
            "tags_all": {},
            "version_id": "",
            "website_redirect": ""
          },
          "sensitive_attributes": [],
          "identity_schema_version": 0,
          "identity": {
            "account_id": "521803510859",
            "bucket": "terraform-bucket-static-web-hosting-12345",
            "key": "images/thumb-exhibit-09.jpg",
            "region": "ap-south-1"
          },
          "private": "bnVsbA=="
        },
        {
          "index_key": "images/thumb-exhibit-10.jpg",
          "schema_version": 0,
          "attributes": {
            "acl": null,
            "arn": "arn:aws:s3:::terraform-bucket-static-web-hosting-12345/images/thumb-exhibit-10.jpg",
            "bucket": "terraform-bucket-static-web-hosting-12345",
            "bucket_key_enabled": false,
            "cache_control": "",
            "checksum_algorithm": null,
            "checksum_crc32": "",
            "checksum_crc32c": "",
            "checksum_crc64nvme": "",
            "checksum_sha1": "",
            "checksum_sha256": "",
            "content": null,
            "content_base64": null,
            "content_disposition": "",
            "content_encoding": "",
            "content_language": "",
            "content_type": "image/jpeg",
            "etag": "4e2c0761a77436359fedb07d49ba9083",
            "force_destroy": false,
            "id": "terraform-bucket-static-web-hosting-12345/images/thumb-exhibit-10.jpg",
            "key": "images/thumb-exhibit-10.jpg",
            "kms_key_id": null,
            "metadata": {},
            "object_lock_legal_hold_status": "",
            "object_lock_mode": "",
            "object_lock_retain_until_date": "",
            "override_provider": [],
            "region": "ap-south-1",
            "server_side_encryption": "AES256",
            "source": "C:/Users/User/Downloads/2160_exhibit_studio/2160_exhibit_studio/images/thumb-exhibit-10.jpg",
            "source_hash": null,
            "storage_class": "STANDARD",
            "tags": {},
            "tags_all": {},
            "version_id": "",
            "website_redirect": ""
          },
          "sensitive_attributes": [],
          "identity_schema_version": 0,
          "identity": {
            "account_id": "521803510859",
            "bucket": "terraform-bucket-static-web-hosting-12345",
            "key": "images/thumb-exhibit-10.jpg",
            "region": "ap-south-1"
          },
          "private": "bnVsbA=="
        },
        {
          "index_key": "images/thumb-exhibit-11.jpg",
          "schema_version": 0,
          "attributes": {
            "acl": null,
            "arn": "arn:aws:s3:::terraform-bucket-static-web-hosting-12345/images/thumb-exhibit-11.jpg",
            "bucket": "terraform-bucket-static-web-hosting-12345",
            "bucket_key_enabled": false,
            "cache_control": "",
            "checksum_algorithm": null,
            "checksum_crc32": "",
            "checksum_crc32c": "",
            "checksum_crc64nvme": "",
            "checksum_sha1": "",
            "checksum_sha256": "",
            "content": null,
            "content_base64": null,
            "content_disposition": "",
            "content_encoding": "",
            "content_language": "",
            "content_type": "image/jpeg",
            "etag": "be85e83bf97e1876d7c2862ea6f3f9fb",
            "force_destroy": false,
            "id": "terraform-bucket-static-web-hosting-12345/images/thumb-exhibit-11.jpg",
            "key": "images/thumb-exhibit-11.jpg",
            "kms_key_id": null,
            "metadata": {},
            "object_lock_legal_hold_status": "",
            "object_lock_mode": "",
            "object_lock_retain_until_date": "",
            "override_provider": [],
            "region": "ap-south-1",
            "server_side_encryption": "AES256",
            "source": "C:/Users/User/Downloads/2160_exhibit_studio/2160_exhibit_studio/images/thumb-exhibit-11.jpg",
            "source_hash": null,
            "storage_class": "STANDARD",
            "tags": {},
            "tags_all": {},
            "version_id": "",
            "website_redirect": ""
          },
          "sensitive_attributes": [],
          "identity_schema_version": 0,
          "identity": {
            "account_id": "521803510859",
            "bucket": "terraform-bucket-static-web-hosting-12345",
            "key": "images/thumb-exhibit-11.jpg",
            "region": "ap-south-1"
          },
          "private": "bnVsbA=="
        },
        {
          "index_key": "images/thumb-exhibit-12.jpg",
          "schema_version": 0,
          "attributes": {
            "acl": null,
            "arn": "arn:aws:s3:::terraform-bucket-static-web-hosting-12345/images/thumb-exhibit-12.jpg",
            "bucket": "terraform-bucket-static-web-hosting-12345",
            "bucket_key_enabled": false,
            "cache_control": "",
            "checksum_algorithm": null,
            "checksum_crc32": "",
            "checksum_crc32c": "",
            "checksum_crc64nvme": "",
            "checksum_sha1": "",
            "checksum_sha256": "",
            "content": null,
            "content_base64": null,
            "content_disposition": "",
            "content_encoding": "",
            "content_language": "",
            "content_type": "image/jpeg",
            "etag": "b551e0df5d5267b06392c9d99095848d",
            "force_destroy": false,
            "id": "terraform-bucket-static-web-hosting-12345/images/thumb-exhibit-12.jpg",
            "key": "images/thumb-exhibit-12.jpg",
            "kms_key_id": null,
            "metadata": {},
            "object_lock_legal_hold_status": "",
            "object_lock_mode": "",
            "object_lock_retain_until_date": "",
            "override_provider": [],
            "region": "ap-south-1",
            "server_side_encryption": "AES256",
            "source": "C:/Users/User/Downloads/2160_exhibit_studio/2160_exhibit_studio/images/thumb-exhibit-12.jpg",
            "source_hash": null,
            "storage_class": "STANDARD",
            "tags": {},
            "tags_all": {},
            "version_id": "",
            "website_redirect": ""
          },
          "sensitive_attributes": [],
          "identity_schema_version": 0,
          "identity": {
            "account_id": "521803510859",
            "bucket": "terraform-bucket-static-web-hosting-12345",
            "key": "images/thumb-exhibit-12.jpg",
            "region": "ap-south-1"
          },
          "private": "bnVsbA=="
        },
        {
          "index_key": "images/tooplate-about-image.jpg",
          "schema_version": 0,
          "attributes": {
            "acl": null,
            "arn": "arn:aws:s3:::terraform-bucket-static-web-hosting-12345/images/tooplate-about-image.jpg",
            "bucket": "terraform-bucket-static-web-hosting-12345",
            "bucket_key_enabled": false,
            "cache_control": "",
            "checksum_algorithm": null,
            "checksum_crc32": "",
            "checksum_crc32c": "",
            "checksum_crc64nvme": "",
            "checksum_sha1": "",
            "checksum_sha256": "",
            "content": null,
            "content_base64": null,
            "content_disposition": "",
            "content_encoding": "",
            "content_language": "",
            "content_type": "image/jpeg",
            "etag": "171c3a89bda60980eb16e191476dcc21",
            "force_destroy": false,
            "id": "terraform-bucket-static-web-hosting-12345/images/tooplate-about-image.jpg",
            "key": "images/tooplate-about-image.jpg",
            "kms_key_id": null,
            "metadata": {},
            "object_lock_legal_hold_status": "",
            "object_lock_mode": "",
            "object_lock_retain_until_date": "",
            "override_provider": [],
            "region": "ap-south-1",
            "server_side_encryption": "AES256",
            "source": "C:/Users/User/Downloads/2160_exhibit_studio/2160_exhibit_studio/images/tooplate-about-image.jpg",
            "source_hash": null,
            "storage_class": "STANDARD",
            "tags": {},
            "tags_all": {},
            "version_id": "",
            "website_redirect": ""
          },
          "sensitive_attributes": [],
          "identity_schema_version": 0,
          "identity": {
            "account_id": "521803510859",
            "bucket": "terraform-bucket-static-web-hosting-12345",
            "key": "images/tooplate-about-image.jpg",
            "region": "ap-south-1"
          },
          "private": "bnVsbA=="
        },
        {
          "index_key": "images/tooplate-exhibit-01.jpg",
          "schema_version": 0,
          "attributes": {
            "acl": null,
            "arn": "arn:aws:s3:::terraform-bucket-static-web-hosting-12345/images/tooplate-exhibit-01.jpg",
            "bucket": "terraform-bucket-static-web-hosting-12345",
            "bucket_key_enabled": false,
            "cache_control": "",
            "checksum_algorithm": null,
            "checksum_crc32": "",
            "checksum_crc32c": "",
            "checksum_crc64nvme": "",
            "checksum_sha1": "",
            "checksum_sha256": "",
            "content": null,
            "content_base64": null,
            "content_disposition": "",
            "content_encoding": "",
            "content_language": "",
            "content_type": "image/jpeg",
            "etag": "be211b1f19eab7b5371a04492deb97ea",
            "force_destroy": false,
            "id": "terraform-bucket-static-web-hosting-12345/images/tooplate-exhibit-01.jpg",
            "key": "images/tooplate-exhibit-01.jpg",
            "kms_key_id": null,
            "metadata": {},
            "object_lock_legal_hold_status": "",
            "object_lock_mode": "",
            "object_lock_retain_until_date": "",
            "override_provider": [],
            "region": "ap-south-1",
            "server_side_encryption": "AES256",
            "source": "C:/Users/User/Downloads/2160_exhibit_studio/2160_exhibit_studio/images/tooplate-exhibit-01.jpg",
            "source_hash": null,
            "storage_class": "STANDARD",
            "tags": {},
            "tags_all": {},
            "version_id": "",
            "website_redirect": ""
          },
          "sensitive_attributes": [],
          "identity_schema_version": 0,
          "identity": {
            "account_id": "521803510859",
            "bucket": "terraform-bucket-static-web-hosting-12345",
            "key": "images/tooplate-exhibit-01.jpg",
            "region": "ap-south-1"
          },
          "private": "bnVsbA=="
        },
        {
          "index_key": "images/tooplate-exhibit-02.jpg",
          "schema_version": 0,
          "attributes": {
            "acl": null,
            "arn": "arn:aws:s3:::terraform-bucket-static-web-hosting-12345/images/tooplate-exhibit-02.jpg",
            "bucket": "terraform-bucket-static-web-hosting-12345",
            "bucket_key_enabled": false,
            "cache_control": "",
            "checksum_algorithm": null,
            "checksum_crc32": "",
            "checksum_crc32c": "",
            "checksum_crc64nvme": "",
            "checksum_sha1": "",
            "checksum_sha256": "",
            "content": null,
            "content_base64": null,
            "content_disposition": "",
            "content_encoding": "",
            "content_language": "",
            "content_type": "image/jpeg",
            "etag": "679f46de4c6f2bb4450d9f48a181255a",
            "force_destroy": false,
            "id": "terraform-bucket-static-web-hosting-12345/images/tooplate-exhibit-02.jpg",
            "key": "images/tooplate-exhibit-02.jpg",
            "kms_key_id": null,
            "metadata": {},
            "object_lock_legal_hold_status": "",
            "object_lock_mode": "",
            "object_lock_retain_until_date": "",
            "override_provider": [],
            "region": "ap-south-1",
            "server_side_encryption": "AES256",
            "source": "C:/Users/User/Downloads/2160_exhibit_studio/2160_exhibit_studio/images/tooplate-exhibit-02.jpg",
            "source_hash": null,
            "storage_class": "STANDARD",
            "tags": {},
            "tags_all": {},
            "version_id": "",
            "website_redirect": ""
          },
          "sensitive_attributes": [],
          "identity_schema_version": 0,
          "identity": {
            "account_id": "521803510859",
            "bucket": "terraform-bucket-static-web-hosting-12345",
            "key": "images/tooplate-exhibit-02.jpg",
            "region": "ap-south-1"
          },
          "private": "bnVsbA=="
        },
        {
          "index_key": "images/tooplate-exhibit-03.jpg",
          "schema_version": 0,
          "attributes": {
            "acl": null,
            "arn": "arn:aws:s3:::terraform-bucket-static-web-hosting-12345/images/tooplate-exhibit-03.jpg",
            "bucket": "terraform-bucket-static-web-hosting-12345",
            "bucket_key_enabled": false,
            "cache_control": "",
            "checksum_algorithm": null,
            "checksum_crc32": "",
            "checksum_crc32c": "",
            "checksum_crc64nvme": "",
            "checksum_sha1": "",
            "checksum_sha256": "",
            "content": null,
            "content_base64": null,
            "content_disposition": "",
            "content_encoding": "",
            "content_language": "",
            "content_type": "image/jpeg",
            "etag": "d15942be0c265ce563eeba56984760f9",
            "force_destroy": false,
            "id": "terraform-bucket-static-web-hosting-12345/images/tooplate-exhibit-03.jpg",
            "key": "images/tooplate-exhibit-03.jpg",
            "kms_key_id": null,
            "metadata": {},
            "object_lock_legal_hold_status": "",
            "object_lock_mode": "",
            "object_lock_retain_until_date": "",
            "override_provider": [],
            "region": "ap-south-1",
            "server_side_encryption": "AES256",
            "source": "C:/Users/User/Downloads/2160_exhibit_studio/2160_exhibit_studio/images/tooplate-exhibit-03.jpg",
            "source_hash": null,
            "storage_class": "STANDARD",
            "tags": {},
            "tags_all": {},
            "version_id": "",
            "website_redirect": ""
          },
          "sensitive_attributes": [],
          "identity_schema_version": 0,
          "identity": {
            "account_id": "521803510859",
            "bucket": "terraform-bucket-static-web-hosting-12345",
            "key": "images/tooplate-exhibit-03.jpg",
            "region": "ap-south-1"
          },
          "private": "bnVsbA=="
        },
        {
          "index_key": "images/tooplate-exhibit-04.jpg",
          "schema_version": 0,
          "attributes": {
            "acl": null,
            "arn": "arn:aws:s3:::terraform-bucket-static-web-hosting-12345/images/tooplate-exhibit-04.jpg",
            "bucket": "terraform-bucket-static-web-hosting-12345",
            "bucket_key_enabled": false,
            "cache_control": "",
            "checksum_algorithm": null,
            "checksum_crc32": "",
            "checksum_crc32c": "",
            "checksum_crc64nvme": "",
            "checksum_sha1": "",
            "checksum_sha256": "",
            "content": null,
            "content_base64": null,
            "content_disposition": "",
            "content_encoding": "",
            "content_language": "",
            "content_type": "image/jpeg",
            "etag": "036c26d422a3938c3082d00d74cc9f96",
            "force_destroy": false,
            "id": "terraform-bucket-static-web-hosting-12345/images/tooplate-exhibit-04.jpg",
            "key": "images/tooplate-exhibit-04.jpg",
            "kms_key_id": null,
            "metadata": {},
            "object_lock_legal_hold_status": "",
            "object_lock_mode": "",
            "object_lock_retain_until_date": "",
            "override_provider": [],
            "region": "ap-south-1",
            "server_side_encryption": "AES256",
            "source": "C:/Users/User/Downloads/2160_exhibit_studio/2160_exhibit_studio/images/tooplate-exhibit-04.jpg",
            "source_hash": null,
            "storage_class": "STANDARD",
            "tags": {},
            "tags_all": {},
            "version_id": "",
            "website_redirect": ""
          },
          "sensitive_attributes": [],
          "identity_schema_version": 0,
          "identity": {
            "account_id": "521803510859",
            "bucket": "terraform-bucket-static-web-hosting-12345",
            "key": "images/tooplate-exhibit-04.jpg",
            "region": "ap-south-1"
          },
          "private": "bnVsbA=="
        },
        {
          "index_key": "images/tooplate-exhibit-05.jpg",
          "schema_version": 0,
          "attributes": {
            "acl": null,
            "arn": "arn:aws:s3:::terraform-bucket-static-web-hosting-12345/images/tooplate-exhibit-05.jpg",
            "bucket": "terraform-bucket-static-web-hosting-12345",
            "bucket_key_enabled": false,
            "cache_control": "",
            "checksum_algorithm": null,
            "checksum_crc32": "",
            "checksum_crc32c": "",
            "checksum_crc64nvme": "",
            "checksum_sha1": "",
            "checksum_sha256": "",
            "content": null,
            "content_base64": null,
            "content_disposition": "",
            "content_encoding": "",
            "content_language": "",
            "content_type": "image/jpeg",
            "etag": "045f16c5ff803c0673b1c5153a2d86af",
            "force_destroy": false,
            "id": "terraform-bucket-static-web-hosting-12345/images/tooplate-exhibit-05.jpg",
            "key": "images/tooplate-exhibit-05.jpg",
            "kms_key_id": null,
            "metadata": {},
            "object_lock_legal_hold_status": "",
            "object_lock_mode": "",
            "object_lock_retain_until_date": "",
            "override_provider": [],
            "region": "ap-south-1",
            "server_side_encryption": "AES256",
            "source": "C:/Users/User/Downloads/2160_exhibit_studio/2160_exhibit_studio/images/tooplate-exhibit-05.jpg",
            "source_hash": null,
            "storage_class": "STANDARD",
            "tags": {},
            "tags_all": {},
            "version_id": "",
            "website_redirect": ""
          },
          "sensitive_attributes": [],
          "identity_schema_version": 0,
          "identity": {
            "account_id": "521803510859",
            "bucket": "terraform-bucket-static-web-hosting-12345",
            "key": "images/tooplate-exhibit-05.jpg",
            "region": "ap-south-1"
          },
          "private": "bnVsbA=="
        },
        {
          "index_key": "images/tooplate-exhibit-06.jpg",
          "schema_version": 0,
          "attributes": {
            "acl": null,
            "arn": "arn:aws:s3:::terraform-bucket-static-web-hosting-12345/images/tooplate-exhibit-06.jpg",
            "bucket": "terraform-bucket-static-web-hosting-12345",
            "bucket_key_enabled": false,
            "cache_control": "",
            "checksum_algorithm": null,
            "checksum_crc32": "",
            "checksum_crc32c": "",
            "checksum_crc64nvme": "",
            "checksum_sha1": "",
            "checksum_sha256": "",
            "content": null,
            "content_base64": null,
            "content_disposition": "",
            "content_encoding": "",
            "content_language": "",
            "content_type": "image/jpeg",
            "etag": "cd1e84a5c36e72a0eceff946527071f6",
            "force_destroy": false,
            "id": "terraform-bucket-static-web-hosting-12345/images/tooplate-exhibit-06.jpg",
            "key": "images/tooplate-exhibit-06.jpg",
            "kms_key_id": null,
            "metadata": {},
            "object_lock_legal_hold_status": "",
            "object_lock_mode": "",
            "object_lock_retain_until_date": "",
            "override_provider": [],
            "region": "ap-south-1",
            "server_side_encryption": "AES256",
            "source": "C:/Users/User/Downloads/2160_exhibit_studio/2160_exhibit_studio/images/tooplate-exhibit-06.jpg",
            "source_hash": null,
            "storage_class": "STANDARD",
            "tags": {},
            "tags_all": {},
            "version_id": "",
            "website_redirect": ""
          },
          "sensitive_attributes": [],
          "identity_schema_version": 0,
          "identity": {
            "account_id": "521803510859",
            "bucket": "terraform-bucket-static-web-hosting-12345",
            "key": "images/tooplate-exhibit-06.jpg",
            "region": "ap-south-1"
          },
          "private": "bnVsbA=="
        },
        {
          "index_key": "images/tooplate-exhibit-07.jpg",
          "schema_version": 0,
          "attributes": {
            "acl": null,
            "arn": "arn:aws:s3:::terraform-bucket-static-web-hosting-12345/images/tooplate-exhibit-07.jpg",
            "bucket": "terraform-bucket-static-web-hosting-12345",
            "bucket_key_enabled": false,
            "cache_control": "",
            "checksum_algorithm": null,
            "checksum_crc32": "",
            "checksum_crc32c": "",
            "checksum_crc64nvme": "",
            "checksum_sha1": "",
            "checksum_sha256": "",
            "content": null,
            "content_base64": null,
            "content_disposition": "",
            "content_encoding": "",
            "content_language": "",
            "content_type": "image/jpeg",
            "etag": "038c27daf972c00486feec504fef8dc2",
            "force_destroy": false,
            "id": "terraform-bucket-static-web-hosting-12345/images/tooplate-exhibit-07.jpg",
            "key": "images/tooplate-exhibit-07.jpg",
            "kms_key_id": null,
            "metadata": {},
            "object_lock_legal_hold_status": "",
            "object_lock_mode": "",
            "object_lock_retain_until_date": "",
            "override_provider": [],
            "region": "ap-south-1",
            "server_side_encryption": "AES256",
            "source": "C:/Users/User/Downloads/2160_exhibit_studio/2160_exhibit_studio/images/tooplate-exhibit-07.jpg",
            "source_hash": null,
            "storage_class": "STANDARD",
            "tags": {},
            "tags_all": {},
            "version_id": "",
            "website_redirect": ""
          },
          "sensitive_attributes": [],
          "identity_schema_version": 0,
          "identity": {
            "account_id": "521803510859",
            "bucket": "terraform-bucket-static-web-hosting-12345",
            "key": "images/tooplate-exhibit-07.jpg",
            "region": "ap-south-1"
          },
          "private": "bnVsbA=="
        },
        {
          "index_key": "images/tooplate-exhibit-08.jpg",
          "schema_version": 0,
          "attributes": {
            "acl": null,
            "arn": "arn:aws:s3:::terraform-bucket-static-web-hosting-12345/images/tooplate-exhibit-08.jpg",
            "bucket": "terraform-bucket-static-web-hosting-12345",
            "bucket_key_enabled": false,
            "cache_control": "",
            "checksum_algorithm": null,
            "checksum_crc32": "",
            "checksum_crc32c": "",
            "checksum_crc64nvme": "",
            "checksum_sha1": "",
            "checksum_sha256": "",
            "content": null,
            "content_base64": null,
            "content_disposition": "",
            "content_encoding": "",
            "content_language": "",
            "content_type": "image/jpeg",
            "etag": "a7e0f995f454b341fea8e407cb0b8cc9",
            "force_destroy": false,
            "id": "terraform-bucket-static-web-hosting-12345/images/tooplate-exhibit-08.jpg",
            "key": "images/tooplate-exhibit-08.jpg",
            "kms_key_id": null,
            "metadata": {},
            "object_lock_legal_hold_status": "",
            "object_lock_mode": "",
            "object_lock_retain_until_date": "",
            "override_provider": [],
            "region": "ap-south-1",
            "server_side_encryption": "AES256",
            "source": "C:/Users/User/Downloads/2160_exhibit_studio/2160_exhibit_studio/images/tooplate-exhibit-08.jpg",
            "source_hash": null,
            "storage_class": "STANDARD",
            "tags": {},
            "tags_all": {},
            "version_id": "",
            "website_redirect": ""
          },
          "sensitive_attributes": [],
          "identity_schema_version": 0,
          "identity": {
            "account_id": "521803510859",
            "bucket": "terraform-bucket-static-web-hosting-12345",
            "key": "images/tooplate-exhibit-08.jpg",
            "region": "ap-south-1"
          },
          "private": "bnVsbA=="
        },
        {
          "index_key": "images/tooplate-exhibit-09.jpg",
          "schema_version": 0,
          "attributes": {
            "acl": null,
            "arn": "arn:aws:s3:::terraform-bucket-static-web-hosting-12345/images/tooplate-exhibit-09.jpg",
            "bucket": "terraform-bucket-static-web-hosting-12345",
            "bucket_key_enabled": false,
            "cache_control": "",
            "checksum_algorithm": null,
            "checksum_crc32": "",
            "checksum_crc32c": "",
            "checksum_crc64nvme": "",
            "checksum_sha1": "",
            "checksum_sha256": "",
            "content": null,
            "content_base64": null,
            "content_disposition": "",
            "content_encoding": "",
            "content_language": "",
            "content_type": "image/jpeg",
            "etag": "080fd4fc1e2c3a4f6f21f0a7bd193762",
            "force_destroy": false,
            "id": "terraform-bucket-static-web-hosting-12345/images/tooplate-exhibit-09.jpg",
            "key": "images/tooplate-exhibit-09.jpg",
            "kms_key_id": null,
            "metadata": {},
            "object_lock_legal_hold_status": "",
            "object_lock_mode": "",
            "object_lock_retain_until_date": "",
            "override_provider": [],
            "region": "ap-south-1",
            "server_side_encryption": "AES256",
            "source": "C:/Users/User/Downloads/2160_exhibit_studio/2160_exhibit_studio/images/tooplate-exhibit-09.jpg",
            "source_hash": null,
            "storage_class": "STANDARD",
            "tags": {},
            "tags_all": {},
            "version_id": "",
            "website_redirect": ""
          },
          "sensitive_attributes": [],
          "identity_schema_version": 0,
          "identity": {
            "account_id": "521803510859",
            "bucket": "terraform-bucket-static-web-hosting-12345",
            "key": "images/tooplate-exhibit-09.jpg",
            "region": "ap-south-1"
          },
          "private": "bnVsbA=="
        },
        {
          "index_key": "images/tooplate-exhibit-10.jpg",
          "schema_version": 0,
          "attributes": {
            "acl": null,
            "arn": "arn:aws:s3:::terraform-bucket-static-web-hosting-12345/images/tooplate-exhibit-10.jpg",
            "bucket": "terraform-bucket-static-web-hosting-12345",
            "bucket_key_enabled": false,
            "cache_control": "",
            "checksum_algorithm": null,
            "checksum_crc32": "",
            "checksum_crc32c": "",
            "checksum_crc64nvme": "",
            "checksum_sha1": "",
            "checksum_sha256": "",
            "content": null,
            "content_base64": null,
            "content_disposition": "",
            "content_encoding": "",
            "content_language": "",
            "content_type": "image/jpeg",
            "etag": "bff1d05362f48cce53eb21364087a212",
            "force_destroy": false,
            "id": "terraform-bucket-static-web-hosting-12345/images/tooplate-exhibit-10.jpg",
            "key": "images/tooplate-exhibit-10.jpg",
            "kms_key_id": null,
            "metadata": {},
            "object_lock_legal_hold_status": "",
            "object_lock_mode": "",
            "object_lock_retain_until_date": "",
            "override_provider": [],
            "region": "ap-south-1",
            "server_side_encryption": "AES256",
            "source": "C:/Users/User/Downloads/2160_exhibit_studio/2160_exhibit_studio/images/tooplate-exhibit-10.jpg",
            "source_hash": null,
            "storage_class": "STANDARD",
            "tags": {},
            "tags_all": {},
            "version_id": "",
            "website_redirect": ""
          },
          "sensitive_attributes": [],
          "identity_schema_version": 0,
          "identity": {
            "account_id": "521803510859",
            "bucket": "terraform-bucket-static-web-hosting-12345",
            "key": "images/tooplate-exhibit-10.jpg",
            "region": "ap-south-1"
          },
          "private": "bnVsbA=="
        },
        {
          "index_key": "images/tooplate-exhibit-11.jpg",
          "schema_version": 0,
          "attributes": {
            "acl": null,
            "arn": "arn:aws:s3:::terraform-bucket-static-web-hosting-12345/images/tooplate-exhibit-11.jpg",
            "bucket": "terraform-bucket-static-web-hosting-12345",
            "bucket_key_enabled": false,
            "cache_control": "",
            "checksum_algorithm": null,
            "checksum_crc32": "",
            "checksum_crc32c": "",
            "checksum_crc64nvme": "",
            "checksum_sha1": "",
            "checksum_sha256": "",
            "content": null,
            "content_base64": null,
            "content_disposition": "",
            "content_encoding": "",
            "content_language": "",
            "content_type": "image/jpeg",
            "etag": "e0abe32134835edc8e3d99d9b8c3a169",
            "force_destroy": false,
            "id": "terraform-bucket-static-web-hosting-12345/images/tooplate-exhibit-11.jpg",
            "key": "images/tooplate-exhibit-11.jpg",
            "kms_key_id": null,
            "metadata": {},
            "object_lock_legal_hold_status": "",
            "object_lock_mode": "",
            "object_lock_retain_until_date": "",
            "override_provider": [],
            "region": "ap-south-1",
            "server_side_encryption": "AES256",
            "source": "C:/Users/User/Downloads/2160_exhibit_studio/2160_exhibit_studio/images/tooplate-exhibit-11.jpg",
            "source_hash": null,
            "storage_class": "STANDARD",
            "tags": {},
            "tags_all": {},
            "version_id": "",
            "website_redirect": ""
          },
          "sensitive_attributes": [],
          "identity_schema_version": 0,
          "identity": {
            "account_id": "521803510859",
            "bucket": "terraform-bucket-static-web-hosting-12345",
            "key": "images/tooplate-exhibit-11.jpg",
            "region": "ap-south-1"
          },
          "private": "bnVsbA=="
        },
        {
          "index_key": "images/tooplate-exhibit-12.jpg",
          "schema_version": 0,
          "attributes": {
            "acl": null,
            "arn": "arn:aws:s3:::terraform-bucket-static-web-hosting-12345/images/tooplate-exhibit-12.jpg",
            "bucket": "terraform-bucket-static-web-hosting-12345",
            "bucket_key_enabled": false,
            "cache_control": "",
            "checksum_algorithm": null,
            "checksum_crc32": "",
            "checksum_crc32c": "",
            "checksum_crc64nvme": "",
            "checksum_sha1": "",
            "checksum_sha256": "",
            "content": null,
            "content_base64": null,
            "content_disposition": "",
            "content_encoding": "",
            "content_language": "",
            "content_type": "image/jpeg",
            "etag": "99044da33c62a25c9567428fb5d60a4f",
            "force_destroy": false,
            "id": "terraform-bucket-static-web-hosting-12345/images/tooplate-exhibit-12.jpg",
            "key": "images/tooplate-exhibit-12.jpg",
            "kms_key_id": null,
            "metadata": {},
            "object_lock_legal_hold_status": "",
            "object_lock_mode": "",
            "object_lock_retain_until_date": "",
            "override_provider": [],
            "region": "ap-south-1",
            "server_side_encryption": "AES256",
            "source": "C:/Users/User/Downloads/2160_exhibit_studio/2160_exhibit_studio/images/tooplate-exhibit-12.jpg",
            "source_hash": null,
            "storage_class": "STANDARD",
            "tags": {},
            "tags_all": {},
            "version_id": "",
            "website_redirect": ""
          },
          "sensitive_attributes": [],
          "identity_schema_version": 0,
          "identity": {
            "account_id": "521803510859",
            "bucket": "terraform-bucket-static-web-hosting-12345",
            "key": "images/tooplate-exhibit-12.jpg",
            "region": "ap-south-1"
          },
          "private": "bnVsbA=="
        },
        {
          "index_key": "index.html",
          "schema_version": 0,
          "attributes": {
            "acl": null,
            "arn": "arn:aws:s3:::terraform-bucket-static-web-hosting-12345/index.html",
            "bucket": "terraform-bucket-static-web-hosting-12345",
            "bucket_key_enabled": false,
            "cache_control": "",
            "checksum_algorithm": null,
            "checksum_crc32": "",
            "checksum_crc32c": "",
            "checksum_crc64nvme": "",
            "checksum_sha1": "",
            "checksum_sha256": "",
            "content": null,
            "content_base64": null,
            "content_disposition": "",
            "content_encoding": "",
            "content_language": "",
            "content_type": "text/html",
            "etag": "55300e4983c51eaa67665d955940b759",
            "force_destroy": false,
            "id": "terraform-bucket-static-web-hosting-12345/index.html",
            "key": "index.html",
            "kms_key_id": null,
            "metadata": {},
            "object_lock_legal_hold_status": "",
            "object_lock_mode": "",
            "object_lock_retain_until_date": "",
            "override_provider": [],
            "region": "ap-south-1",
            "server_side_encryption": "AES256",
            "source": "C:/Users/User/Downloads/2160_exhibit_studio/2160_exhibit_studio/index.html",
            "source_hash": null,
            "storage_class": "STANDARD",
            "tags": {},
            "tags_all": {},
            "version_id": "",
            "website_redirect": ""
          },
          "sensitive_attributes": [],
          "identity_schema_version": 0,
          "identity": {
            "account_id": "521803510859",
            "bucket": "terraform-bucket-static-web-hosting-12345",
            "key": "index.html",
            "region": "ap-south-1"
          },
          "private": "bnVsbA=="
        },
        {
          "index_key": "tooplate-exhibit-script.js",
          "schema_version": 0,
          "attributes": {
            "acl": null,
            "arn": "arn:aws:s3:::terraform-bucket-static-web-hosting-12345/tooplate-exhibit-script.js",
            "bucket": "terraform-bucket-static-web-hosting-12345",
            "bucket_key_enabled": false,
            "cache_control": "",
            "checksum_algorithm": null,
            "checksum_crc32": "",
            "checksum_crc32c": "",
            "checksum_crc64nvme": "",
            "checksum_sha1": "",
            "checksum_sha256": "",
            "content": null,
            "content_base64": null,
            "content_disposition": "",
            "content_encoding": "",
            "content_language": "",
            "content_type": "application/javascript",
            "etag": "e4deabb2c0c6f0cca0cbdb8ab50ca036",
            "force_destroy": false,
            "id": "terraform-bucket-static-web-hosting-12345/tooplate-exhibit-script.js",
            "key": "tooplate-exhibit-script.js",
            "kms_key_id": null,
            "metadata": {},
            "object_lock_legal_hold_status": "",
            "object_lock_mode": "",
            "object_lock_retain_until_date": "",
            "override_provider": [],
            "region": "ap-south-1",
            "server_side_encryption": "AES256",
            "source": "C:/Users/User/Downloads/2160_exhibit_studio/2160_exhibit_studio/tooplate-exhibit-script.js",
            "source_hash": null,
            "storage_class": "STANDARD",
            "tags": {},
            "tags_all": {},
            "version_id": "",
            "website_redirect": ""
          },
          "sensitive_attributes": [],
          "identity_schema_version": 0,
          "identity": {
            "account_id": "521803510859",
            "bucket": "terraform-bucket-static-web-hosting-12345",
            "key": "tooplate-exhibit-script.js",
            "region": "ap-south-1"
          },
          "private": "bnVsbA=="
        },
        {
          "index_key": "tooplate-exhibit-style.css",
          "schema_version": 0,
          "attributes": {
            "acl": null,
            "arn": "arn:aws:s3:::terraform-bucket-static-web-hosting-12345/tooplate-exhibit-style.css",
            "bucket": "terraform-bucket-static-web-hosting-12345",
            "bucket_key_enabled": false,
            "cache_control": "",
            "checksum_algorithm": null,
            "checksum_crc32": "",
            "checksum_crc32c": "",
            "checksum_crc64nvme": "",
            "checksum_sha1": "",
            "checksum_sha256": "",
            "content": null,
            "content_base64": null,
            "content_disposition": "",
            "content_encoding": "",
            "content_language": "",
            "content_type": "text/css",
            "etag": "5129e873eee13df439ef082cf98cb1de",
            "force_destroy": false,
            "id": "terraform-bucket-static-web-hosting-12345/tooplate-exhibit-style.css",
            "key": "tooplate-exhibit-style.css",
            "kms_key_id": null,
            "metadata": {},
            "object_lock_legal_hold_status": "",
            "object_lock_mode": "",
            "object_lock_retain_until_date": "",
            "override_provider": [],
            "region": "ap-south-1",
            "server_side_encryption": "AES256",
            "source": "C:/Users/User/Downloads/2160_exhibit_studio/2160_exhibit_studio/tooplate-exhibit-style.css",
            "source_hash": null,
            "storage_class": "STANDARD",
            "tags": {},
            "tags_all": {},
            "version_id": "",
            "website_redirect": ""
          },
          "sensitive_attributes": [],
          "identity_schema_version": 0,
          "identity": {
            "account_id": "521803510859",
            "bucket": "terraform-bucket-static-web-hosting-12345",
            "key": "tooplate-exhibit-style.css",
            "region": "ap-south-1"
          },
          "private": "bnVsbA=="
        }
      ]
    }
  ],
  "check_results": null
}
